// !$*UTF8*$!
{
	archiveVersion = 1;
	classes = {
	};
	objectVersion = 46;
	objects = {

/* Begin PBXBuildFile section */
		220210B6CF368CC0910D844A /* Pods_devslopesSocial.framework in Frameworks */ = {isa = PBXBuildFile; fileRef = 849CD8D6FF7BEE5580968D99 /* Pods_devslopesSocial.framework */; };
		4715B2351E387E37003FD7B5 /* CellVC.swift in Sources */ = {isa = PBXBuildFile; fileRef = 4715B2341E387E37003FD7B5 /* CellVC.swift */; };
		4715B2381E389924003FD7B5 /* DataService.swift in Sources */ = {isa = PBXBuildFile; fileRef = 4715B2371E389924003FD7B5 /* DataService.swift */; };
		4717D8021E37408500BB49CC /* FeedVC.swift in Sources */ = {isa = PBXBuildFile; fileRef = 4717D8011E37408500BB49CC /* FeedVC.swift */; };
		4717D8041E37614F00BB49CC /* CircleView.swift in Sources */ = {isa = PBXBuildFile; fileRef = 4717D8031E37614F00BB49CC /* CircleView.swift */; };
		476169ED1E371A05005CD4BD /* FancyButton.swift in Sources */ = {isa = PBXBuildFile; fileRef = 476169EC1E371A05005CD4BD /* FancyButton.swift */; };
		476169F21E371F02005CD4BD /* Bolts.framework in Frameworks */ = {isa = PBXBuildFile; fileRef = 476169EE1E371F02005CD4BD /* Bolts.framework */; };
		476169F31E371F02005CD4BD /* FBSDKCoreKit.framework in Frameworks */ = {isa = PBXBuildFile; fileRef = 476169EF1E371F02005CD4BD /* FBSDKCoreKit.framework */; };
		476169F41E371F02005CD4BD /* FBSDKLoginKit.framework in Frameworks */ = {isa = PBXBuildFile; fileRef = 476169F01E371F02005CD4BD /* FBSDKLoginKit.framework */; };
		476169F51E371F02005CD4BD /* FBSDKShareKit.framework in Frameworks */ = {isa = PBXBuildFile; fileRef = 476169F11E371F02005CD4BD /* FBSDKShareKit.framework */; };
		478361801E32877000CCDA84 /* AppDelegate.swift in Sources */ = {isa = PBXBuildFile; fileRef = 4783617F1E32877000CCDA84 /* AppDelegate.swift */; };
		478361821E32877000CCDA84 /* SignInVC.swift in Sources */ = {isa = PBXBuildFile; fileRef = 478361811E32877000CCDA84 /* SignInVC.swift */; };
		478361851E32877100CCDA84 /* Main.storyboard in Resources */ = {isa = PBXBuildFile; fileRef = 478361831E32877100CCDA84 /* Main.storyboard */; };
		478361871E32877100CCDA84 /* Assets.xcassets in Resources */ = {isa = PBXBuildFile; fileRef = 478361861E32877100CCDA84 /* Assets.xcassets */; };
		4783618A1E32877100CCDA84 /* LaunchScreen.storyboard in Resources */ = {isa = PBXBuildFile; fileRef = 478361881E32877100CCDA84 /* LaunchScreen.storyboard */; };
		478361921E3287FD00CCDA84 /* GoogleService-Info.plist in Resources */ = {isa = PBXBuildFile; fileRef = 478361911E3287FD00CCDA84 /* GoogleService-Info.plist */; };
		47E4E2A01E33AEA0002D0191 /* FancyView.swift in Sources */ = {isa = PBXBuildFile; fileRef = 47E4E29F1E33AEA0002D0191 /* FancyView.swift */; };
		47E4E2A31E33AF48002D0191 /* Constants.swift in Sources */ = {isa = PBXBuildFile; fileRef = 47E4E2A21E33AF48002D0191 /* Constants.swift */; };
		47E4E2A51E33B213002D0191 /* RoundButton.swift in Sources */ = {isa = PBXBuildFile; fileRef = 47E4E2A41E33B213002D0191 /* RoundButton.swift */; };
		47E4E2A71E33B57A002D0191 /* FancyField.swift in Sources */ = {isa = PBXBuildFile; fileRef = 47E4E2A61E33B57A002D0191 /* FancyField.swift */; };
/* End PBXBuildFile section */

/* Begin PBXFileReference section */
		4715B2341E387E37003FD7B5 /* CellVC.swift */ = {isa = PBXFileReference; fileEncoding = 4; lastKnownFileType = sourcecode.swift; path = CellVC.swift; sourceTree = "<group>"; };
		4715B2371E389924003FD7B5 /* DataService.swift */ = {isa = PBXFileReference; fileEncoding = 4; lastKnownFileType = sourcecode.swift; path = DataService.swift; sourceTree = "<group>"; };
		4717D8011E37408500BB49CC /* FeedVC.swift */ = {isa = PBXFileReference; fileEncoding = 4; lastKnownFileType = sourcecode.swift; path = FeedVC.swift; sourceTree = "<group>"; };
		4717D8031E37614F00BB49CC /* CircleView.swift */ = {isa = PBXFileReference; fileEncoding = 4; lastKnownFileType = sourcecode.swift; path = CircleView.swift; sourceTree = "<group>"; };
		476169EC1E371A05005CD4BD /* FancyButton.swift */ = {isa = PBXFileReference; fileEncoding = 4; lastKnownFileType = sourcecode.swift; path = FancyButton.swift; sourceTree = "<group>"; };
		476169EE1E371F02005CD4BD /* Bolts.framework */ = {isa = PBXFileReference; lastKnownFileType = wrapper.framework; path = Bolts.framework; sourceTree = "<group>"; };
		476169EF1E371F02005CD4BD /* FBSDKCoreKit.framework */ = {isa = PBXFileReference; lastKnownFileType = wrapper.framework; path = FBSDKCoreKit.framework; sourceTree = "<group>"; };
		476169F01E371F02005CD4BD /* FBSDKLoginKit.framework */ = {isa = PBXFileReference; lastKnownFileType = wrapper.framework; path = FBSDKLoginKit.framework; sourceTree = "<group>"; };
		476169F11E371F02005CD4BD /* FBSDKShareKit.framework */ = {isa = PBXFileReference; lastKnownFileType = wrapper.framework; path = FBSDKShareKit.framework; sourceTree = "<group>"; };
		476169F71E37291C005CD4BD /* devslopesSocial.entitlements */ = {isa = PBXFileReference; lastKnownFileType = text.plist.entitlements; path = devslopesSocial.entitlements; sourceTree = "<group>"; };
		4783617C1E32877000CCDA84 /* devslopesSocial.app */ = {isa = PBXFileReference; explicitFileType = wrapper.application; includeInIndex = 0; path = devslopesSocial.app; sourceTree = BUILT_PRODUCTS_DIR; };
		4783617F1E32877000CCDA84 /* AppDelegate.swift */ = {isa = PBXFileReference; lastKnownFileType = sourcecode.swift; path = AppDelegate.swift; sourceTree = "<group>"; };
		478361811E32877000CCDA84 /* SignInVC.swift */ = {isa = PBXFileReference; lastKnownFileType = sourcecode.swift; name = SignInVC.swift; path = devslopesSocial/SignInVC.swift; sourceTree = "<group>"; };
		478361841E32877100CCDA84 /* Base */ = {isa = PBXFileReference; lastKnownFileType = file.storyboard; name = Base; path = Base.lproj/Main.storyboard; sourceTree = "<group>"; };
		478361861E32877100CCDA84 /* Assets.xcassets */ = {isa = PBXFileReference; lastKnownFileType = folder.assetcatalog; path = Assets.xcassets; sourceTree = "<group>"; };
		478361891E32877100CCDA84 /* Base */ = {isa = PBXFileReference; lastKnownFileType = file.storyboard; name = Base; path = Base.lproj/LaunchScreen.storyboard; sourceTree = "<group>"; };
		4783618B1E32877100CCDA84 /* Info.plist */ = {isa = PBXFileReference; lastKnownFileType = text.plist.xml; path = Info.plist; sourceTree = "<group>"; };
		478361911E3287FD00CCDA84 /* GoogleService-Info.plist */ = {isa = PBXFileReference; fileEncoding = 4; lastKnownFileType = text.plist.xml; path = "GoogleService-Info.plist"; sourceTree = "<group>"; };
		47E4E29F1E33AEA0002D0191 /* FancyView.swift */ = {isa = PBXFileReference; fileEncoding = 4; lastKnownFileType = sourcecode.swift; path = FancyView.swift; sourceTree = "<group>"; };
		47E4E2A21E33AF48002D0191 /* Constants.swift */ = {isa = PBXFileReference; fileEncoding = 4; lastKnownFileType = sourcecode.swift; path = Constants.swift; sourceTree = "<group>"; };
		47E4E2A41E33B213002D0191 /* RoundButton.swift */ = {isa = PBXFileReference; fileEncoding = 4; lastKnownFileType = sourcecode.swift; path = RoundButton.swift; sourceTree = "<group>"; };
		47E4E2A61E33B57A002D0191 /* FancyField.swift */ = {isa = PBXFileReference; fileEncoding = 4; lastKnownFileType = sourcecode.swift; path = FancyField.swift; sourceTree = "<group>"; };
		849CD8D6FF7BEE5580968D99 /* Pods_devslopesSocial.framework */ = {isa = PBXFileReference; explicitFileType = wrapper.framework; includeInIndex = 0; path = Pods_devslopesSocial.framework; sourceTree = BUILT_PRODUCTS_DIR; };
		9868F5AC6AE2FFDB934E14E9 /* Pods-devslopesSocial.debug.xcconfig */ = {isa = PBXFileReference; includeInIndex = 1; lastKnownFileType = text.xcconfig; name = "Pods-devslopesSocial.debug.xcconfig"; path = "Pods/Target Support Files/Pods-devslopesSocial/Pods-devslopesSocial.debug.xcconfig"; sourceTree = "<group>"; };
		DA5FEAB66676A436F8E12E05 /* Pods-devslopesSocial.release.xcconfig */ = {isa = PBXFileReference; includeInIndex = 1; lastKnownFileType = text.xcconfig; name = "Pods-devslopesSocial.release.xcconfig"; path = "Pods/Target Support Files/Pods-devslopesSocial/Pods-devslopesSocial.release.xcconfig"; sourceTree = "<group>"; };
/* End PBXFileReference section */

/* Begin PBXFrameworksBuildPhase section */
		478361791E32877000CCDA84 /* Frameworks */ = {
			isa = PBXFrameworksBuildPhase;
			buildActionMask = 2147483647;
			files = (
				220210B6CF368CC0910D844A /* Pods_devslopesSocial.framework in Frameworks */,
				476169F31E371F02005CD4BD /* FBSDKCoreKit.framework in Frameworks */,
				476169F51E371F02005CD4BD /* FBSDKShareKit.framework in Frameworks */,
				476169F41E371F02005CD4BD /* FBSDKLoginKit.framework in Frameworks */,
				476169F21E371F02005CD4BD /* Bolts.framework in Frameworks */,
			);
			runOnlyForDeploymentPostprocessing = 0;
		};
/* End PBXFrameworksBuildPhase section */

/* Begin PBXGroup section */
		25AA7B6FFEDC50CC5C2C791D /* Pods */ = {
			isa = PBXGroup;
			children = (
				9868F5AC6AE2FFDB934E14E9 /* Pods-devslopesSocial.debug.xcconfig */,
				DA5FEAB66676A436F8E12E05 /* Pods-devslopesSocial.release.xcconfig */,
			);
			name = Pods;
			sourceTree = "<group>";
		};
		4715B2361E3898B1003FD7B5 /* Services */ = {
			isa = PBXGroup;
			children = (
				4715B2371E389924003FD7B5 /* DataService.swift */,
			);
			name = Services;
			sourceTree = "<group>";
		};
		476169F61E3721E0005CD4BD /* Plist */ = {
			isa = PBXGroup;
			children = (
				4783618B1E32877100CCDA84 /* Info.plist */,
				478361911E3287FD00CCDA84 /* GoogleService-Info.plist */,
			);
			name = Plist;
			path = devslopesSocial;
			sourceTree = "<group>";
		};
		478361731E32877000CCDA84 = {
			isa = PBXGroup;
			children = (
				4715B2361E3898B1003FD7B5 /* Services */,
				47E4E2A11E33AF31002D0191 /* Utilities */,
				478361951E328A1400CCDA84 /* Controller */,
				478361941E328A0F00CCDA84 /* View */,
				478361931E328A0500CCDA84 /* Model */,
				4783617E1E32877000CCDA84 /* devslopesSocial */,
				4783617D1E32877000CCDA84 /* Products */,
				476169F61E3721E0005CD4BD /* Plist */,
				25AA7B6FFEDC50CC5C2C791D /* Pods */,
				87569D691B3654C90AE24575 /* Frameworks */,
			);
			sourceTree = "<group>";
		};
		4783617D1E32877000CCDA84 /* Products */ = {
			isa = PBXGroup;
			children = (
				4783617C1E32877000CCDA84 /* devslopesSocial.app */,
			);
			name = Products;
			sourceTree = "<group>";
		};
		4783617E1E32877000CCDA84 /* devslopesSocial */ = {
			isa = PBXGroup;
			children = (
				476169F71E37291C005CD4BD /* devslopesSocial.entitlements */,
				4783617F1E32877000CCDA84 /* AppDelegate.swift */,
				478361861E32877100CCDA84 /* Assets.xcassets */,
				478361831E32877100CCDA84 /* Main.storyboard */,
				478361881E32877100CCDA84 /* LaunchScreen.storyboard */,
			);
			path = devslopesSocial;
			sourceTree = "<group>";
		};
		478361931E328A0500CCDA84 /* Model */ = {
			isa = PBXGroup;
			children = (
			);
			name = Model;
			sourceTree = "<group>";
		};
		478361941E328A0F00CCDA84 /* View */ = {
			isa = PBXGroup;
			children = (
				47E4E29F1E33AEA0002D0191 /* FancyView.swift */,
				47E4E2A41E33B213002D0191 /* RoundButton.swift */,
				47E4E2A61E33B57A002D0191 /* FancyField.swift */,
				476169EC1E371A05005CD4BD /* FancyButton.swift */,
				4717D8031E37614F00BB49CC /* CircleView.swift */,
				4715B2341E387E37003FD7B5 /* CellVC.swift */,
			);
			name = View;
			sourceTree = "<group>";
		};
		478361951E328A1400CCDA84 /* Controller */ = {
			isa = PBXGroup;
			children = (
				478361811E32877000CCDA84 /* SignInVC.swift */,
				4717D8011E37408500BB49CC /* FeedVC.swift */,
			);
			name = Controller;
			sourceTree = "<group>";
		};
		47E4E2A11E33AF31002D0191 /* Utilities */ = {
			isa = PBXGroup;
			children = (
				47E4E2A21E33AF48002D0191 /* Constants.swift */,
			);
			name = Utilities;
			sourceTree = "<group>";
		};
		87569D691B3654C90AE24575 /* Frameworks */ = {
			isa = PBXGroup;
			children = (
				476169EE1E371F02005CD4BD /* Bolts.framework */,
				476169EF1E371F02005CD4BD /* FBSDKCoreKit.framework */,
				476169F01E371F02005CD4BD /* FBSDKLoginKit.framework */,
				476169F11E371F02005CD4BD /* FBSDKShareKit.framework */,
				849CD8D6FF7BEE5580968D99 /* Pods_devslopesSocial.framework */,
			);
			name = Frameworks;
			sourceTree = "<group>";
		};
/* End PBXGroup section */

/* Begin PBXNativeTarget section */
		4783617B1E32877000CCDA84 /* devslopesSocial */ = {
			isa = PBXNativeTarget;
			buildConfigurationList = 4783618E1E32877100CCDA84 /* Build configuration list for PBXNativeTarget "devslopesSocial" */;
			buildPhases = (
				56B95BA523D2F4D4AD99D580 /* [CP] Check Pods Manifest.lock */,
				478361781E32877000CCDA84 /* Sources */,
				478361791E32877000CCDA84 /* Frameworks */,
				4783617A1E32877000CCDA84 /* Resources */,
				70814D08FD38E6C1EBB77D6F /* [CP] Embed Pods Frameworks */,
				1360B282321CAB097F34B183 /* [CP] Copy Pods Resources */,
			);
			buildRules = (
			);
			dependencies = (
			);
			name = devslopesSocial;
			productName = devslopesSocial;
			productReference = 4783617C1E32877000CCDA84 /* devslopesSocial.app */;
			productType = "com.apple.product-type.application";
		};
/* End PBXNativeTarget section */

/* Begin PBXProject section */
		478361741E32877000CCDA84 /* Project object */ = {
			isa = PBXProject;
			attributes = {
				LastSwiftUpdateCheck = 0820;
				LastUpgradeCheck = 0820;
				ORGANIZATIONNAME = Saud;
				TargetAttributes = {
					4783617B1E32877000CCDA84 = {
						CreatedOnToolsVersion = 8.2.1;
						DevelopmentTeam = X6CGCMD9N3;
						ProvisioningStyle = Automatic;
						SystemCapabilities = {
							com.apple.Keychain = {
								enabled = 1;
							};
						};
					};
				};
			};
			buildConfigurationList = 478361771E32877000CCDA84 /* Build configuration list for PBXProject "devslopesSocial" */;
			compatibilityVersion = "Xcode 3.2";
			developmentRegion = English;
			hasScannedForEncodings = 0;
			knownRegions = (
				en,
				Base,
			);
			mainGroup = 478361731E32877000CCDA84;
			productRefGroup = 4783617D1E32877000CCDA84 /* Products */;
			projectDirPath = "";
			projectRoot = "";
			targets = (
				4783617B1E32877000CCDA84 /* devslopesSocial */,
			);
		};
/* End PBXProject section */

/* Begin PBXResourcesBuildPhase section */
		4783617A1E32877000CCDA84 /* Resources */ = {
			isa = PBXResourcesBuildPhase;
			buildActionMask = 2147483647;
			files = (
				4783618A1E32877100CCDA84 /* LaunchScreen.storyboard in Resources */,
				478361921E3287FD00CCDA84 /* GoogleService-Info.plist in Resources */,
				478361871E32877100CCDA84 /* Assets.xcassets in Resources */,
				478361851E32877100CCDA84 /* Main.storyboard in Resources */,
			);
			runOnlyForDeploymentPostprocessing = 0;
		};
/* End PBXResourcesBuildPhase section */

/* Begin PBXShellScriptBuildPhase section */
		1360B282321CAB097F34B183 /* [CP] Copy Pods Resources */ = {
			isa = PBXShellScriptBuildPhase;
			buildActionMask = 2147483647;
			files = (
			);
			inputPaths = (
			);
			name = "[CP] Copy Pods Resources";
			outputPaths = (
			);
			runOnlyForDeploymentPostprocessing = 0;
			shellPath = /bin/sh;
			shellScript = "\"${SRCROOT}/Pods/Target Support Files/Pods-devslopesSocial/Pods-devslopesSocial-resources.sh\"\n";
			showEnvVarsInLog = 0;
		};
		56B95BA523D2F4D4AD99D580 /* [CP] Check Pods Manifest.lock */ = {
			isa = PBXShellScriptBuildPhase;
			buildActionMask = 2147483647;
			files = (
			);
			inputPaths = (
			);
			name = "[CP] Check Pods Manifest.lock";
			outputPaths = (
			);
			runOnlyForDeploymentPostprocessing = 0;
			shellPath = /bin/sh;
			shellScript = "diff \"${PODS_ROOT}/../Podfile.lock\" \"${PODS_ROOT}/Manifest.lock\" > /dev/null\nif [ $? != 0 ] ; then\n    # print error to STDERR\n    echo \"error: The sandbox is not in sync with the Podfile.lock. Run 'pod install' or update your CocoaPods installation.\" >&2\n    exit 1\nfi\n";
			showEnvVarsInLog = 0;
		};
		70814D08FD38E6C1EBB77D6F /* [CP] Embed Pods Frameworks */ = {
			isa = PBXShellScriptBuildPhase;
			buildActionMask = 2147483647;
			files = (
			);
			inputPaths = (
			);
			name = "[CP] Embed Pods Frameworks";
			outputPaths = (
			);
			runOnlyForDeploymentPostprocessing = 0;
			shellPath = /bin/sh;
			shellScript = "\"${SRCROOT}/Pods/Target Support Files/Pods-devslopesSocial/Pods-devslopesSocial-frameworks.sh\"\n";
			showEnvVarsInLog = 0;
		};
/* End PBXShellScriptBuildPhase section */

/* Begin PBXSourcesBuildPhase section */
		478361781E32877000CCDA84 /* Sources */ = {
			isa = PBXSourcesBuildPhase;
			buildActionMask = 2147483647;
			files = (
				4717D8041E37614F00BB49CC /* CircleView.swift in Sources */,
				47E4E2A71E33B57A002D0191 /* FancyField.swift in Sources */,
				478361821E32877000CCDA84 /* SignInVC.swift in Sources */,
				47E4E2A51E33B213002D0191 /* RoundButton.swift in Sources */,
				476169ED1E371A05005CD4BD /* FancyButton.swift in Sources */,
				4715B2381E389924003FD7B5 /* DataService.swift in Sources */,
				4717D8021E37408500BB49CC /* FeedVC.swift in Sources */,
				4715B2351E387E37003FD7B5 /* CellVC.swift in Sources */,
				478361801E32877000CCDA84 /* AppDelegate.swift in Sources */,
				47E4E2A01E33AEA0002D0191 /* FancyView.swift in Sources */,
				47E4E2A31E33AF48002D0191 /* Constants.swift in Sources */,
			);
			runOnlyForDeploymentPostprocessing = 0;
		};
/* End PBXSourcesBuildPhase section */

/* Begin PBXVariantGroup section */
		478361831E32877100CCDA84 /* Main.storyboard */ = {
			isa = PBXVariantGroup;
			children = (
				478361841E32877100CCDA84 /* Base */,
			);
			name = Main.storyboard;
			sourceTree = "<group>";
		};
		478361881E32877100CCDA84 /* LaunchScreen.storyboard */ = {
			isa = PBXVariantGroup;
			children = (
				478361891E32877100CCDA84 /* Base */,
			);
			name = LaunchScreen.storyboard;
			sourceTree = "<group>";
		};
/* End PBXVariantGroup section */

/* Begin XCBuildConfiguration section */
		4783618C1E32877100CCDA84 /* Debug */ = {
			isa = XCBuildConfiguration;
			buildSettings = {
				ALWAYS_SEARCH_USER_PATHS = NO;
				CLANG_ANALYZER_NONNULL = YES;
				CLANG_CXX_LANGUAGE_STANDARD = "gnu++0x";
				CLANG_CXX_LIBRARY = "libc++";
				CLANG_ENABLE_MODULES = YES;
				CLANG_ENABLE_OBJC_ARC = YES;
				CLANG_WARN_BOOL_CONVERSION = YES;
				CLANG_WARN_CONSTANT_CONVERSION = YES;
				CLANG_WARN_DIRECT_OBJC_ISA_USAGE = YES_ERROR;
				CLANG_WARN_DOCUMENTATION_COMMENTS = YES;
				CLANG_WARN_EMPTY_BODY = YES;
				CLANG_WARN_ENUM_CONVERSION = YES;
				CLANG_WARN_INFINITE_RECURSION = YES;
				CLANG_WARN_INT_CONVERSION = YES;
				CLANG_WARN_OBJC_ROOT_CLASS = YES_ERROR;
				CLANG_WARN_SUSPICIOUS_MOVE = YES;
				CLANG_WARN_UNREACHABLE_CODE = YES;
				CLANG_WARN__DUPLICATE_METHOD_MATCH = YES;
				"CODE_SIGN_IDENTITY[sdk=iphoneos*]" = "iPhone Developer";
				COPY_PHASE_STRIP = NO;
				DEBUG_INFORMATION_FORMAT = dwarf;
				ENABLE_STRICT_OBJC_MSGSEND = YES;
				ENABLE_TESTABILITY = YES;
				GCC_C_LANGUAGE_STANDARD = gnu99;
				GCC_DYNAMIC_NO_PIC = NO;
				GCC_NO_COMMON_BLOCKS = YES;
				GCC_OPTIMIZATION_LEVEL = 0;
				GCC_PREPROCESSOR_DEFINITIONS = (
					"DEBUG=1",
					"$(inherited)",
				);
				GCC_WARN_64_TO_32_BIT_CONVERSION = YES;
				GCC_WARN_ABOUT_RETURN_TYPE = YES_ERROR;
				GCC_WARN_UNDECLARED_SELECTOR = YES;
				GCC_WARN_UNINITIALIZED_AUTOS = YES_AGGRESSIVE;
				GCC_WARN_UNUSED_FUNCTION = YES;
				GCC_WARN_UNUSED_VARIABLE = YES;
				IPHONEOS_DEPLOYMENT_TARGET = 10.2;
				MTL_ENABLE_DEBUG_INFO = YES;
				ONLY_ACTIVE_ARCH = YES;
				SDKROOT = iphoneos;
				SWIFT_ACTIVE_COMPILATION_CONDITIONS = DEBUG;
				SWIFT_OPTIMIZATION_LEVEL = "-Onone";
			};
			name = Debug;
		};
		4783618D1E32877100CCDA84 /* Release */ = {
			isa = XCBuildConfiguration;
			buildSettings = {
				ALWAYS_SEARCH_USER_PATHS = NO;
				CLANG_ANALYZER_NONNULL = YES;
				CLANG_CXX_LANGUAGE_STANDARD = "gnu++0x";
				CLANG_CXX_LIBRARY = "libc++";
				CLANG_ENABLE_MODULES = YES;
				CLANG_ENABLE_OBJC_ARC = YES;
				CLANG_WARN_BOOL_CONVERSION = YES;
				CLANG_WARN_CONSTANT_CONVERSION = YES;
				CLANG_WARN_DIRECT_OBJC_ISA_USAGE = YES_ERROR;
				CLANG_WARN_DOCUMENTATION_COMMENTS = YES;
				CLANG_WARN_EMPTY_BODY = YES;
				CLANG_WARN_ENUM_CONVERSION = YES;
				CLANG_WARN_INFINITE_RECURSION = YES;
				CLANG_WARN_INT_CONVERSION = YES;
				CLANG_WARN_OBJC_ROOT_CLASS = YES_ERROR;
				CLANG_WARN_SUSPICIOUS_MOVE = YES;
				CLANG_WARN_UNREACHABLE_CODE = YES;
				CLANG_WARN__DUPLICATE_METHOD_MATCH = YES;
				"CODE_SIGN_IDENTITY[sdk=iphoneos*]" = "iPhone Developer";
				COPY_PHASE_STRIP = NO;
				DEBUG_INFORMATION_FORMAT = "dwarf-with-dsym";
				ENABLE_NS_ASSERTIONS = NO;
				ENABLE_STRICT_OBJC_MSGSEND = YES;
				GCC_C_LANGUAGE_STANDARD = gnu99;
				GCC_NO_COMMON_BLOCKS = YES;
				GCC_WARN_64_TO_32_BIT_CONVERSION = YES;
				GCC_WARN_ABOUT_RETURN_TYPE = YES_ERROR;
				GCC_WARN_UNDECLARED_SELECTOR = YES;
				GCC_WARN_UNINITIALIZED_AUTOS = YES_AGGRESSIVE;
				GCC_WARN_UNUSED_FUNCTION = YES;
				GCC_WARN_UNUSED_VARIABLE = YES;
				IPHONEOS_DEPLOYMENT_TARGET = 10.2;
				MTL_ENABLE_DEBUG_INFO = NO;
				SDKROOT = iphoneos;
				SWIFT_OPTIMIZATION_LEVEL = "-Owholemodule";
				VALIDATE_PRODUCT = YES;
			};
			name = Release;
		};
		4783618F1E32877100CCDA84 /* Debug */ = {
			isa = XCBuildConfiguration;
			baseConfigurationReference = 9868F5AC6AE2FFDB934E14E9 /* Pods-devslopesSocial.debug.xcconfig */;
			buildSettings = {
				ASSETCATALOG_COMPILER_APPICON_NAME = AppIcon;
				CODE_SIGN_ENTITLEMENTS = devslopesSocial/devslopesSocial.entitlements;
				DEVELOPMENT_TEAM = X6CGCMD9N3;
				FRAMEWORK_SEARCH_PATHS = (
					"$(inherited)",
					"$(PROJECT_DIR)",
				);
				INFOPLIST_FILE = devslopesSocial/Info.plist;
				LD_RUNPATH_SEARCH_PATHS = "$(inherited) @executable_path/Frameworks";
				PRODUCT_BUNDLE_IDENTIFIER = Saud.devslopesSocial;
				PRODUCT_NAME = "$(TARGET_NAME)";
				SWIFT_VERSION = 3.0;
			};
			name = Debug;
		};
		478361901E32877100CCDA84 /* Release */ = {
			isa = XCBuildConfiguration;
			baseConfigurationReference = DA5FEAB66676A436F8E12E05 /* Pods-devslopesSocial.release.xcconfig */;
			buildSettings = {
				ASSETCATALOG_COMPILER_APPICON_NAME = AppIcon;
				CODE_SIGN_ENTITLEMENTS = devslopesSocial/devslopesSocial.entitlements;
				DEVELOPMENT_TEAM = X6CGCMD9N3;
				FRAMEWORK_SEARCH_PATHS = (
					"$(inherited)",
					"$(PROJECT_DIR)",
				);
				INFOPLIST_FILE = devslopesSocial/Info.plist;
				LD_RUNPATH_SEARCH_PATHS = "$(inherited) @executable_path/Frameworks";
				PRODUCT_BUNDLE_IDENTIFIER = Saud.devslopesSocial;
				PRODUCT_NAME = "$(TARGET_NAME)";
				SWIFT_VERSION = 3.0;
			};
			name = Release;
		};
/* End XCBuildConfiguration section */

/* Begin XCConfigurationList section */
		478361771E32877000CCDA84 /* Build configuration list for PBXProject "devslopesSocial" */ = {
			isa = XCConfigurationList;
			buildConfigurations = (
				4783618C1E32877100CCDA84 /* Debug */,
				4783618D1E32877100CCDA84 /* Release */,
			);
			defaultConfigurationIsVisible = 0;
			defaultConfigurationName = Release;
		};
		4783618E1E32877100CCDA84 /* Build configuration list for PBXNativeTarget "devslopesSocial" */ = {
			isa = XCConfigurationList;
			buildConfigurations = (
				4783618F1E32877100CCDA84 /* Debug */,
				478361901E32877100CCDA84 /* Release */,
			);
			defaultConfigurationIsVisible = 0;
			defaultConfigurationName = Release;
		};
/* End XCConfigurationList section */
	};
	rootObject = 478361741E32877000CCDA84 /* Project object */;
}
